PODS:
  - Alamofire (4.7.3)
  - AlamofireImage (3.4.1):
    - Alamofire (~> 4.7)
  - BoringSSL (10.0.6):
    - BoringSSL/Implementation (= 10.0.6)
    - BoringSSL/Interface (= 10.0.6)
  - BoringSSL/Implementation (10.0.6):
    - BoringSSL/Interface (= 10.0.6)
  - BoringSSL/Interface (10.0.6)
  - Crashlytics (3.10.7):
    - Fabric (~> 1.7.11)
  - DTCoreText (1.6.21):
    - DTCoreText/Core (= 1.6.21)
    - DTFoundation/Core (~> 1.7.5)
    - DTFoundation/DTAnimatedGIF (~> 1.7.5)
    - DTFoundation/DTHTMLParser (~> 1.7.5)
    - DTFoundation/UIKit (~> 1.7.5)
  - DTCoreText/Core (1.6.21):
    - DTFoundation/Core (~> 1.7.5)
    - DTFoundation/DTAnimatedGIF (~> 1.7.5)
    - DTFoundation/DTHTMLParser (~> 1.7.5)
    - DTFoundation/UIKit (~> 1.7.5)
  - DTFoundation/Core (1.7.13)
  - DTFoundation/DTAnimatedGIF (1.7.13)
  - DTFoundation/DTHTMLParser (1.7.13):
    - DTFoundation/Core
  - DTFoundation/UIKit (1.7.13):
    - DTFoundation/Core
  - Fabric (1.7.11)
  - Firebase/Auth (5.9.0):
    - Firebase/CoreOnly
    - FirebaseAuth (= 5.0.4)
  - Firebase/Core (5.9.0):
    - Firebase/CoreOnly
    - FirebaseAnalytics (= 5.2.0)
  - Firebase/CoreOnly (5.9.0):
    - FirebaseCore (= 5.1.4)
  - Firebase/Database (5.9.0):
    - Firebase/CoreOnly
    - FirebaseDatabase (= 5.0.3)
  - Firebase/Firestore (5.9.0):
    - Firebase/CoreOnly
    - FirebaseFirestore (= 0.13.4)
  - Firebase/Functions (5.9.0):
    - Firebase/CoreOnly
    - FirebaseFunctions (= 2.1.1)
  - Firebase/Messaging (5.9.0):
    - Firebase/CoreOnly
    - FirebaseMessaging (= 3.1.2)
  - Firebase/RemoteConfig (5.9.0):
    - Firebase/Core
    - FirebaseRemoteConfig (= 3.0.1)
  - FirebaseABTesting (2.0.0):
    - FirebaseCore (~> 5.0)
    - Protobuf (~> 3.5)
  - FirebaseAnalytics (5.2.0):
    - FirebaseCore (~> 5.1)
    - FirebaseInstanceID (~> 3.2)
    - GoogleAppMeasurement (~> 5.2)
    - GoogleUtilities/AppDelegateSwizzler (~> 5.2)
    - GoogleUtilities/MethodSwizzler (~> 5.2)
    - GoogleUtilities/Network (~> 5.2)
    - "GoogleUtilities/NSData+zlib (~> 5.2)"
    - nanopb (~> 0.3)
  - FirebaseAuth (5.0.4):
    - FirebaseAuthInterop (~> 1.0)
    - FirebaseCore (~> 5.0)
    - GoogleUtilities/Environment (~> 5.2)
    - GTMSessionFetcher/Core (~> 1.1)
  - FirebaseAuthInterop (1.0.0)
  - FirebaseCore (5.1.4):
    - GoogleUtilities/Logger (~> 5.2)
  - FirebaseDatabase (5.0.3):
    - FirebaseCore (~> 5.0)
    - leveldb-library (~> 1.18)
  - FirebaseFirestore (0.13.4):
    - FirebaseAuthInterop (~> 1.0)
    - FirebaseCore (~> 5.0)
    - FirebaseFirestore/abseil-cpp (= 0.13.4)
    - "gRPC-C++ (~> 0.0.3)"
    - gRPC-ProtoRPC (~> 1.0)
    - leveldb-library (~> 1.20)
    - nanopb (~> 0.3.8)
    - Protobuf (~> 3.1)
  - FirebaseFirestore/abseil-cpp (0.13.4):
    - FirebaseAuthInterop (~> 1.0)
    - FirebaseCore (~> 5.0)
    - "gRPC-C++ (~> 0.0.3)"
    - gRPC-ProtoRPC (~> 1.0)
    - leveldb-library (~> 1.20)
    - nanopb (~> 0.3.8)
    - Protobuf (~> 3.1)
  - FirebaseFunctions (2.1.1):
    - FirebaseCore (~> 5.0)
    - GTMSessionFetcher/Core (~> 1.1)
  - FirebaseInstanceID (3.2.2):
    - FirebaseCore (~> 5.1)
    - GoogleUtilities/Environment (~> 5.3)
    - GoogleUtilities/UserDefaults (~> 5.3)
  - FirebaseMessaging (3.1.2):
    - FirebaseCore (~> 5.0)
    - FirebaseInstanceID (~> 3.0)
    - GoogleUtilities/Reachability (~> 5.2)
    - Protobuf (~> 3.1)
  - FirebaseRemoteConfig (3.0.1):
    - FirebaseABTesting (~> 2.0)
    - FirebaseAnalytics (~> 5.1)
    - FirebaseCore (~> 5.1)
    - FirebaseInstanceID (~> 3.2)
    - GoogleUtilities/Environment (~> 5.2)
    - "GoogleUtilities/NSData+zlib (~> 5.2)"
    - Protobuf (~> 3.5)
  - GoogleAPIClientForREST (1.3.6):
    - GoogleAPIClientForREST/Core (= 1.3.6)
    - GTMSessionFetcher (>= 1.1.7)
  - GoogleAPIClientForREST/Core (1.3.6):
    - GTMSessionFetcher (>= 1.1.7)
  - GoogleAppMeasurement (5.2.0):
    - GoogleUtilities/AppDelegateSwizzler (~> 5.2)
    - GoogleUtilities/MethodSwizzler (~> 5.2)
    - GoogleUtilities/Network (~> 5.2)
    - "GoogleUtilities/NSData+zlib (~> 5.2)"
    - nanopb (~> 0.3)
  - GoogleMaps (2.7.0):
    - GoogleMaps/Maps (= 2.7.0)
  - GoogleMaps/Base (2.7.0)
  - GoogleMaps/Maps (2.7.0):
    - GoogleMaps/Base
  - GoogleSignIn (4.2.0):
    - "GoogleToolboxForMac/NSDictionary+URLArguments (~> 2.1)"
    - "GoogleToolboxForMac/NSString+URLArguments (~> 2.1)"
    - GTMOAuth2 (~> 1.0)
    - GTMSessionFetcher/Core (~> 1.1)
  - GoogleToolboxForMac/DebugUtils (2.1.4):
    - GoogleToolboxForMac/Defines (= 2.1.4)
  - GoogleToolboxForMac/Defines (2.1.4)
  - "GoogleToolboxForMac/NSDictionary+URLArguments (2.1.4)":
    - GoogleToolboxForMac/DebugUtils (= 2.1.4)
    - GoogleToolboxForMac/Defines (= 2.1.4)
    - "GoogleToolboxForMac/NSString+URLArguments (= 2.1.4)"
  - "GoogleToolboxForMac/NSString+URLArguments (2.1.4)"
  - GoogleUtilities/AppDelegateSwizzler (5.3.0):
    - GoogleUtilities/Environment
    - GoogleUtilities/Logger
    - GoogleUtilities/Network
  - GoogleUtilities/Environment (5.3.0)
  - GoogleUtilities/Logger (5.3.0):
    - GoogleUtilities/Environment
  - GoogleUtilities/MethodSwizzler (5.3.0):
    - GoogleUtilities/Logger
  - GoogleUtilities/Network (5.3.0):
    - GoogleUtilities/Logger
    - "GoogleUtilities/NSData+zlib"
    - GoogleUtilities/Reachability
  - "GoogleUtilities/NSData+zlib (5.3.0)"
  - GoogleUtilities/Reachability (5.3.0):
    - GoogleUtilities/Logger
  - GoogleUtilities/UserDefaults (5.3.0):
    - GoogleUtilities/Logger
  - gRPC (1.14.0):
    - gRPC-RxLibrary (= 1.14.0)
    - gRPC/Main (= 1.14.0)
  - "gRPC-C++ (0.0.3)":
    - "gRPC-C++/Implementation (= 0.0.3)"
    - "gRPC-C++/Interface (= 0.0.3)"
  - "gRPC-C++/Implementation (0.0.3)":
    - "gRPC-C++/Interface (= 0.0.3)"
    - gRPC-Core (= 1.14.0)
    - nanopb (~> 0.3)
  - "gRPC-C++/Interface (0.0.3)"
  - gRPC-Core (1.14.0):
    - gRPC-Core/Implementation (= 1.14.0)
    - gRPC-Core/Interface (= 1.14.0)
  - gRPC-Core/Implementation (1.14.0):
    - BoringSSL (~> 10.0)
    - gRPC-Core/Interface (= 1.14.0)
    - nanopb (~> 0.3)
  - gRPC-Core/Interface (1.14.0)
  - gRPC-ProtoRPC (1.14.0):
    - gRPC-ProtoRPC/Main (= 1.14.0)
  - gRPC-ProtoRPC/Main (1.14.0):
    - gRPC (= 1.14.0)
    - gRPC-RxLibrary (= 1.14.0)
    - Protobuf (~> 3.0)
  - gRPC-RxLibrary (1.14.0)
  - gRPC/Main (1.14.0):
    - gRPC-Core (= 1.14.0)
    - gRPC-RxLibrary (= 1.14.0)
  - GTMOAuth2 (1.1.6):
    - GTMSessionFetcher (~> 1.1)
  - GTMSessionFetcher (1.2.0):
    - GTMSessionFetcher/Full (= 1.2.0)
  - GTMSessionFetcher/Core (1.2.0)
  - GTMSessionFetcher/Full (1.2.0):
    - GTMSessionFetcher/Core (= 1.2.0)
  - leveldb-library (1.20)
  - lottie-ios (2.5.0)
  - MaterialComponents (63.0.0):
    - MaterialComponents/ActivityIndicator (= 63.0.0)
    - "MaterialComponents/ActivityIndicator+ColorThemer (= 63.0.0)"
    - MaterialComponents/AnimationTiming (= 63.0.0)
    - MaterialComponents/AppBar (= 63.0.0)
    - "MaterialComponents/AppBar+ColorThemer (= 63.0.0)"
    - "MaterialComponents/AppBar+TypographyThemer (= 63.0.0)"
    - MaterialComponents/BottomAppBar (= 63.0.0)
    - "MaterialComponents/BottomAppBar+ColorThemer (= 63.0.0)"
    - MaterialComponents/BottomNavigation (= 63.0.0)
    - "MaterialComponents/BottomNavigation+ColorThemer (= 63.0.0)"
    - "MaterialComponents/BottomNavigation+TypographyThemer (= 63.0.0)"
    - MaterialComponents/BottomSheet (= 63.0.0)
    - "MaterialComponents/BottomSheet+ShapeThemer (= 63.0.0)"
    - MaterialComponents/ButtonBar (= 63.0.0)
    - "MaterialComponents/ButtonBar+ColorThemer (= 63.0.0)"
    - "MaterialComponents/ButtonBar+TypographyThemer (= 63.0.0)"
    - MaterialComponents/Buttons (= 63.0.0)
    - "MaterialComponents/Buttons+ButtonThemer (= 63.0.0)"
    - "MaterialComponents/Buttons+ColorThemer (= 63.0.0)"
    - "MaterialComponents/Buttons+TitleColorAccessibilityMutator (= 63.0.0)"
    - "MaterialComponents/Buttons+TypographyThemer (= 63.0.0)"
    - MaterialComponents/Cards (= 63.0.0)
    - "MaterialComponents/Cards+CardThemer (= 63.0.0)"
    - "MaterialComponents/Cards+ColorThemer (= 63.0.0)"
    - "MaterialComponents/Cards+ShapeThemer (= 63.0.0)"
    - MaterialComponents/Chips (= 63.0.0)
    - "MaterialComponents/Chips+ChipThemer (= 63.0.0)"
    - "MaterialComponents/Chips+ColorThemer (= 63.0.0)"
    - "MaterialComponents/Chips+FontThemer (= 63.0.0)"
    - "MaterialComponents/Chips+TypographyThemer (= 63.0.0)"
    - MaterialComponents/CollectionCells (= 63.0.0)
    - MaterialComponents/CollectionLayoutAttributes (= 63.0.0)
    - MaterialComponents/Collections (= 63.0.0)
    - MaterialComponents/Dialogs (= 63.0.0)
    - "MaterialComponents/Dialogs+ColorThemer (= 63.0.0)"
    - "MaterialComponents/Dialogs+TypographyThemer (= 63.0.0)"
    - MaterialComponents/FeatureHighlight (= 63.0.0)
    - "MaterialComponents/FeatureHighlight+ColorThemer (= 63.0.0)"
    - "MaterialComponents/FeatureHighlight+FeatureHighlightAccessibilityMutator (= 63.0.0)"
    - "MaterialComponents/FeatureHighlight+FontThemer (= 63.0.0)"
    - "MaterialComponents/FeatureHighlight+TypographyThemer (= 63.0.0)"
    - MaterialComponents/FlexibleHeader (= 63.0.0)
    - "MaterialComponents/FlexibleHeader+CanAlwaysExpandToMaximumHeight (= 63.0.0)"
    - "MaterialComponents/FlexibleHeader+ColorThemer (= 63.0.0)"
    - MaterialComponents/HeaderStackView (= 63.0.0)
    - "MaterialComponents/HeaderStackView+ColorThemer (= 63.0.0)"
    - MaterialComponents/Ink (= 63.0.0)
    - "MaterialComponents/Ink+ColorThemer (= 63.0.0)"
    - MaterialComponents/LibraryInfo (= 63.0.0)
    - MaterialComponents/List (= 63.0.0)
    - MaterialComponents/MaskedTransition (= 63.0.0)
    - MaterialComponents/NavigationBar (= 63.0.0)
    - "MaterialComponents/NavigationBar+ColorThemer (= 63.0.0)"
    - "MaterialComponents/NavigationBar+TypographyThemer (= 63.0.0)"
    - MaterialComponents/OverlayWindow (= 63.0.0)
    - MaterialComponents/PageControl (= 63.0.0)
    - "MaterialComponents/PageControl+ColorThemer (= 63.0.0)"
    - MaterialComponents/Palettes (= 63.0.0)
    - MaterialComponents/private (= 63.0.0)
    - MaterialComponents/ProgressView (= 63.0.0)
    - "MaterialComponents/ProgressView+ColorThemer (= 63.0.0)"
    - MaterialComponents/schemes (= 63.0.0)
    - MaterialComponents/ShadowElevations (= 63.0.0)
    - MaterialComponents/ShadowLayer (= 63.0.0)
    - MaterialComponents/Slider (= 63.0.0)
    - "MaterialComponents/Slider+ColorThemer (= 63.0.0)"
    - MaterialComponents/Snackbar (= 63.0.0)
    - "MaterialComponents/Snackbar+ColorThemer (= 63.0.0)"
    - "MaterialComponents/Snackbar+FontThemer (= 63.0.0)"
    - "MaterialComponents/Snackbar+TypographyThemer (= 63.0.0)"
    - MaterialComponents/Tabs (= 63.0.0)
    - "MaterialComponents/Tabs+ColorThemer (= 63.0.0)"
    - "MaterialComponents/Tabs+FontThemer (= 63.0.0)"
    - "MaterialComponents/Tabs+TypographyThemer (= 63.0.0)"
    - MaterialComponents/TextFields (= 63.0.0)
    - "MaterialComponents/TextFields+ColorThemer (= 63.0.0)"
    - "MaterialComponents/TextFields+FontThemer (= 63.0.0)"
    - "MaterialComponents/TextFields+TypographyThemer (= 63.0.0)"
    - MaterialComponents/Themes (= 63.0.0)
    - MaterialComponents/Typography (= 63.0.0)
  - MaterialComponents/ActivityIndicator (63.0.0):
    - MaterialComponents/Palettes
    - MaterialComponents/private/Application
    - MDFInternationalization
    - MotionAnimator (~> 2.0)
  - "MaterialComponents/ActivityIndicator+ColorThemer (63.0.0)":
    - MaterialComponents/ActivityIndicator
    - MaterialComponents/schemes/Color
  - MaterialComponents/AnimationTiming (63.0.0)
  - MaterialComponents/AppBar (63.0.0):
    - MaterialComponents/FlexibleHeader
    - MaterialComponents/HeaderStackView
    - MaterialComponents/NavigationBar
    - MaterialComponents/private/Application
    - MaterialComponents/private/Icons/ic_arrow_back
    - MaterialComponents/private/UIMetrics
    - MaterialComponents/ShadowElevations
    - MaterialComponents/ShadowLayer
    - MaterialComponents/Typography
    - MDFInternationalization
  - "MaterialComponents/AppBar+ColorThemer (63.0.0)":
    - MaterialComponents/AppBar
    - "MaterialComponents/FlexibleHeader+ColorThemer"
    - "MaterialComponents/NavigationBar+ColorThemer"
    - MaterialComponents/Themes
  - "MaterialComponents/AppBar+TypographyThemer (63.0.0)":
    - MaterialComponents/AppBar
    - "MaterialComponents/NavigationBar+TypographyThemer"
  - MaterialComponents/BottomAppBar (63.0.0):
    - MaterialComponents/Buttons
    - MaterialComponents/NavigationBar
    - MaterialComponents/private/Math
    - MDFInternationalization
  - "MaterialComponents/BottomAppBar+ColorThemer (63.0.0)":
    - MaterialComponents/BottomAppBar
    - MaterialComponents/Themes
  - MaterialComponents/BottomNavigation (63.0.0):
    - MaterialComponents/Ink
    - MaterialComponents/private/Math
    - MaterialComponents/ShadowElevations
    - MaterialComponents/ShadowLayer
    - MaterialComponents/Typography
    - MDFInternationalization
  - "MaterialComponents/BottomNavigation+ColorThemer (63.0.0)":
    - MaterialComponents/BottomNavigation
    - MaterialComponents/schemes/Color
  - "MaterialComponents/BottomNavigation+TypographyThemer (63.0.0)":
    - MaterialComponents/BottomNavigation
    - MaterialComponents/schemes/Typography
  - MaterialComponents/BottomSheet (63.0.0):
    - MaterialComponents/private/KeyboardWatcher
    - MaterialComponents/private/Math
    - MaterialComponents/private/ShapeLibrary
    - MaterialComponents/private/Shapes
  - "MaterialComponents/BottomSheet+ShapeThemer (63.0.0)":
    - MaterialComponents/BottomSheet
    - MaterialComponents/schemes/Shape
  - MaterialComponents/ButtonBar (63.0.0):
    - MaterialComponents/Buttons
    - MaterialComponents/private/Application
    - MDFInternationalization
  - "MaterialComponents/ButtonBar+ColorThemer (63.0.0)":
    - MaterialComponents/ButtonBar
    - MaterialComponents/Themes
  - "MaterialComponents/ButtonBar+TypographyThemer (63.0.0)":
    - MaterialComponents/ButtonBar
    - MaterialComponents/schemes/Typography
  - MaterialComponents/Buttons (63.0.0):
    - MaterialComponents/Ink
    - MaterialComponents/private/Math
    - MaterialComponents/private/Shapes
    - MaterialComponents/ShadowElevations
    - MaterialComponents/ShadowLayer
    - MaterialComponents/Typography
    - MDFInternationalization
    - MDFTextAccessibility
  - "MaterialComponents/Buttons+ButtonThemer (63.0.0)":
    - MaterialComponents/Buttons
    - "MaterialComponents/Buttons+ColorThemer"
    - "MaterialComponents/Buttons+TypographyThemer"
  - "MaterialComponents/Buttons+ColorThemer (63.0.0)":
    - MaterialComponents/Buttons
    - MaterialComponents/schemes/Color
  - "MaterialComponents/Buttons+TitleColorAccessibilityMutator (63.0.0)":
    - MaterialComponents/Buttons
    - MDFTextAccessibility
  - "MaterialComponents/Buttons+TypographyThemer (63.0.0)":
    - MaterialComponents/Buttons
    - MaterialComponents/schemes/Typography
  - MaterialComponents/Cards (63.0.0):
    - MaterialComponents/Ink
    - MaterialComponents/private/Icons/ic_check_circle
    - MaterialComponents/private/Math
    - MaterialComponents/private/Shapes
    - MaterialComponents/ShadowLayer
  - "MaterialComponents/Cards+CardThemer (63.0.0)":
    - MaterialComponents/Cards
    - "MaterialComponents/Cards+ColorThemer"
    - "MaterialComponents/Cards+ShapeThemer"
  - "MaterialComponents/Cards+ColorThemer (63.0.0)":
    - MaterialComponents/Cards
    - MaterialComponents/schemes/Color
  - "MaterialComponents/Cards+ShapeThemer (63.0.0)":
    - MaterialComponents/Cards
    - MaterialComponents/schemes/Shape
  - MaterialComponents/Chips (63.0.0):
    - MaterialComponents/Ink
    - MaterialComponents/private/Math
    - MaterialComponents/private/ShapeLibrary
    - MaterialComponents/private/Shapes
    - MaterialComponents/ShadowElevations
    - MaterialComponents/ShadowLayer
    - MaterialComponents/TextFields
    - MaterialComponents/Typography
    - MDFInternationalization
  - "MaterialComponents/Chips+ChipThemer (63.0.0)":
    - MaterialComponents/Chips
    - "MaterialComponents/Chips+ColorThemer"
    - "MaterialComponents/Chips+TypographyThemer"
  - "MaterialComponents/Chips+ColorThemer (63.0.0)":
    - MaterialComponents/Chips
    - MaterialComponents/schemes/Color
  - "MaterialComponents/Chips+FontThemer (63.0.0)":
    - MaterialComponents/Chips
    - MaterialComponents/Themes
  - "MaterialComponents/Chips+TypographyThemer (63.0.0)":
    - MaterialComponents/Chips
    - MaterialComponents/schemes/Typography
  - MaterialComponents/CollectionCells (63.0.0):
    - MaterialComponents/CollectionLayoutAttributes
    - MaterialComponents/Ink
    - MaterialComponents/Palettes
    - MaterialComponents/private/Icons/ic_check
    - MaterialComponents/private/Icons/ic_check_circle
    - MaterialComponents/private/Icons/ic_chevron_right
    - MaterialComponents/private/Icons/ic_info
    - MaterialComponents/private/Icons/ic_radio_button_unchecked
    - MaterialComponents/private/Icons/ic_reorder
    - MaterialComponents/private/Math
    - MaterialComponents/Typography
    - MDFInternationalization
  - MaterialComponents/CollectionLayoutAttributes (63.0.0)
  - MaterialComponents/Collections (63.0.0):
    - MaterialComponents/CollectionCells
    - MaterialComponents/CollectionLayoutAttributes
    - MaterialComponents/Ink
    - MaterialComponents/Palettes
    - MaterialComponents/ShadowElevations
    - MaterialComponents/ShadowLayer
    - MaterialComponents/Typography
  - MaterialComponents/Dialogs (63.0.0):
    - MaterialComponents/Buttons
    - MaterialComponents/private/KeyboardWatcher
    - MaterialComponents/ShadowElevations
    - MaterialComponents/ShadowLayer
    - MaterialComponents/Typography
    - MDFInternationalization
  - "MaterialComponents/Dialogs+ColorThemer (63.0.0)":
    - MaterialComponents/Dialogs
    - MaterialComponents/Themes
  - "MaterialComponents/Dialogs+TypographyThemer (63.0.0)":
    - MaterialComponents/Dialogs
    - MaterialComponents/schemes/Typography
  - MaterialComponents/FeatureHighlight (63.0.0):
    - MaterialComponents/private/Math
    - MaterialComponents/Typography
    - MDFTextAccessibility
  - "MaterialComponents/FeatureHighlight+ColorThemer (63.0.0)":
    - MaterialComponents/FeatureHighlight
    - MaterialComponents/Themes
  - "MaterialComponents/FeatureHighlight+FeatureHighlightAccessibilityMutator (63.0.0)":
    - MaterialComponents/FeatureHighlight
    - MDFTextAccessibility
  - "MaterialComponents/FeatureHighlight+FontThemer (63.0.0)":
    - MaterialComponents/FeatureHighlight
    - MaterialComponents/Themes
  - "MaterialComponents/FeatureHighlight+TypographyThemer (63.0.0)":
    - MaterialComponents/FeatureHighlight
    - MaterialComponents/schemes/Typography
  - MaterialComponents/FlexibleHeader (63.0.0):
    - MaterialComponents/private/Application
    - MaterialComponents/private/UIMetrics
    - MDFTextAccessibility
  - "MaterialComponents/FlexibleHeader+CanAlwaysExpandToMaximumHeight (63.0.0)":
    - MaterialComponents/FlexibleHeader
  - "MaterialComponents/FlexibleHeader+ColorThemer (63.0.0)":
    - MaterialComponents/FlexibleHeader
    - MaterialComponents/schemes/Color
  - MaterialComponents/HeaderStackView (63.0.0)
  - "MaterialComponents/HeaderStackView+ColorThemer (63.0.0)":
    - MaterialComponents/HeaderStackView
    - MaterialComponents/Themes
  - MaterialComponents/Ink (63.0.0):
    - MaterialComponents/private/Math
  - "MaterialComponents/Ink+ColorThemer (63.0.0)":
    - MaterialComponents/Ink
    - MaterialComponents/Themes
  - MaterialComponents/LibraryInfo (63.0.0)
  - MaterialComponents/List (63.0.0):
    - MaterialComponents/Ink
    - MaterialComponents/private/Math
    - MaterialComponents/ShadowElevations
    - MaterialComponents/ShadowLayer
    - MaterialComponents/Typography
    - MDFInternationalization
  - MaterialComponents/MaskedTransition (63.0.0):
    - MotionAnimator (~> 2.0)
    - MotionInterchange (~> 1.0)
    - MotionTransitioning (~> 5.0)
  - MaterialComponents/NavigationBar (63.0.0):
    - MaterialComponents/ButtonBar
    - MaterialComponents/private/Math
    - MaterialComponents/Typography
    - MDFInternationalization
    - MDFTextAccessibility
  - "MaterialComponents/NavigationBar+ColorThemer (63.0.0)":
    - MaterialComponents/NavigationBar
    - MaterialComponents/schemes/Color
  - "MaterialComponents/NavigationBar+TypographyThemer (63.0.0)":
    - MaterialComponents/NavigationBar
    - MaterialComponents/schemes/Typography
  - MaterialComponents/OverlayWindow (63.0.0):
    - MaterialComponents/private/Application
  - MaterialComponents/PageControl (63.0.0)
  - "MaterialComponents/PageControl+ColorThemer (63.0.0)":
    - MaterialComponents/PageControl
    - MaterialComponents/Themes
  - MaterialComponents/Palettes (63.0.0)
  - MaterialComponents/private (63.0.0):
    - MaterialComponents/private/Application (= 63.0.0)
    - MaterialComponents/private/Icons (= 63.0.0)
    - MaterialComponents/private/KeyboardWatcher (= 63.0.0)
    - MaterialComponents/private/Math (= 63.0.0)
    - MaterialComponents/private/Overlay (= 63.0.0)
    - MaterialComponents/private/ShapeLibrary (= 63.0.0)
    - MaterialComponents/private/Shapes (= 63.0.0)
    - MaterialComponents/private/ThumbTrack (= 63.0.0)
    - MaterialComponents/private/UIMetrics (= 63.0.0)
  - MaterialComponents/private/Application (63.0.0)
  - MaterialComponents/private/Icons (63.0.0):
    - MaterialComponents/private/Icons/Base (= 63.0.0)
    - MaterialComponents/private/Icons/ic_arrow_back (= 63.0.0)
    - MaterialComponents/private/Icons/ic_check (= 63.0.0)
    - MaterialComponents/private/Icons/ic_check_circle (= 63.0.0)
    - MaterialComponents/private/Icons/ic_chevron_right (= 63.0.0)
    - MaterialComponents/private/Icons/ic_color_lens (= 63.0.0)
    - MaterialComponents/private/Icons/ic_help_outline (= 63.0.0)
    - MaterialComponents/private/Icons/ic_info (= 63.0.0)
    - MaterialComponents/private/Icons/ic_more_horiz (= 63.0.0)
    - MaterialComponents/private/Icons/ic_radio_button_unchecked (= 63.0.0)
    - MaterialComponents/private/Icons/ic_reorder (= 63.0.0)
    - MaterialComponents/private/Icons/ic_settings (= 63.0.0)
  - MaterialComponents/private/Icons/Base (63.0.0)
  - MaterialComponents/private/Icons/ic_arrow_back (63.0.0):
    - MaterialComponents/private/Icons/Base
  - MaterialComponents/private/Icons/ic_check (63.0.0):
    - MaterialComponents/private/Icons/Base
  - MaterialComponents/private/Icons/ic_check_circle (63.0.0):
    - MaterialComponents/private/Icons/Base
  - MaterialComponents/private/Icons/ic_chevron_right (63.0.0):
    - MaterialComponents/private/Icons/Base
  - MaterialComponents/private/Icons/ic_color_lens (63.0.0):
    - MaterialComponents/private/Icons/Base
  - MaterialComponents/private/Icons/ic_help_outline (63.0.0):
    - MaterialComponents/private/Icons/Base
  - MaterialComponents/private/Icons/ic_info (63.0.0):
    - MaterialComponents/private/Icons/Base
  - MaterialComponents/private/Icons/ic_more_horiz (63.0.0):
    - MaterialComponents/private/Icons/Base
  - MaterialComponents/private/Icons/ic_radio_button_unchecked (63.0.0):
    - MaterialComponents/private/Icons/Base
  - MaterialComponents/private/Icons/ic_reorder (63.0.0):
    - MaterialComponents/private/Icons/Base
  - MaterialComponents/private/Icons/ic_settings (63.0.0):
    - MaterialComponents/private/Icons/Base
  - MaterialComponents/private/KeyboardWatcher (63.0.0):
    - MaterialComponents/private/Application
  - MaterialComponents/private/Math (63.0.0)
  - MaterialComponents/private/Overlay (63.0.0)
  - MaterialComponents/private/ShapeLibrary (63.0.0):
    - MaterialComponents/private/Math
    - MaterialComponents/private/Shapes
  - MaterialComponents/private/Shapes (63.0.0):
    - MaterialComponents/private/Math
    - MaterialComponents/ShadowLayer
  - MaterialComponents/private/ThumbTrack (63.0.0):
    - MaterialComponents/Ink
    - MaterialComponents/private/Math
    - MaterialComponents/ShadowElevations
    - MaterialComponents/ShadowLayer
    - MaterialComponents/Typography
    - MDFInternationalization
  - MaterialComponents/private/UIMetrics (63.0.0):
    - MaterialComponents/private/Application
  - MaterialComponents/ProgressView (63.0.0):
    - MaterialComponents/Palettes
    - MaterialComponents/private/Math
    - MDFInternationalization
    - MotionAnimator (~> 2.1)
  - "MaterialComponents/ProgressView+ColorThemer (63.0.0)":
    - MaterialComponents/ProgressView
    - MaterialComponents/Themes
  - MaterialComponents/schemes (63.0.0):
    - MaterialComponents/schemes/Color (= 63.0.0)
    - MaterialComponents/schemes/Shape (= 63.0.0)
    - MaterialComponents/schemes/Typography (= 63.0.0)
  - MaterialComponents/schemes/Color (63.0.0)
  - MaterialComponents/schemes/Shape (63.0.0):
    - MaterialComponents/private/ShapeLibrary
    - MaterialComponents/private/Shapes
  - MaterialComponents/schemes/Typography (63.0.0)
  - MaterialComponents/ShadowElevations (63.0.0)
  - MaterialComponents/ShadowLayer (63.0.0):
    - MaterialComponents/ShadowElevations
  - MaterialComponents/Slider (63.0.0):
    - MaterialComponents/Palettes
    - MaterialComponents/private/ThumbTrack
    - MaterialComponents/ShadowElevations
  - "MaterialComponents/Slider+ColorThemer (63.0.0)":
    - MaterialComponents/Palettes
    - MaterialComponents/schemes/Color
    - MaterialComponents/Slider
  - MaterialComponents/Snackbar (63.0.0):
    - MaterialComponents/AnimationTiming
    - MaterialComponents/Buttons
    - MaterialComponents/OverlayWindow
    - MaterialComponents/private/Application
    - MaterialComponents/private/KeyboardWatcher
    - MaterialComponents/private/Overlay
    - MaterialComponents/Typography
  - "MaterialComponents/Snackbar+ColorThemer (63.0.0)":
    - MaterialComponents/schemes/Color
    - MaterialComponents/Snackbar
  - "MaterialComponents/Snackbar+FontThemer (63.0.0)":
    - MaterialComponents/Snackbar
    - MaterialComponents/Themes
  - "MaterialComponents/Snackbar+TypographyThemer (63.0.0)":
    - MaterialComponents/schemes/Typography
    - MaterialComponents/Snackbar
  - MaterialComponents/Tabs (63.0.0):
    - MaterialComponents/AnimationTiming
    - MaterialComponents/Ink
    - MaterialComponents/private/Math
    - MaterialComponents/ShadowElevations
    - MaterialComponents/ShadowLayer
    - MaterialComponents/Typography
    - MDFInternationalization
  - "MaterialComponents/Tabs+ColorThemer (63.0.0)":
    - MaterialComponents/schemes/Color
    - MaterialComponents/Tabs
  - "MaterialComponents/Tabs+FontThemer (63.0.0)":
    - MaterialComponents/Tabs
    - MaterialComponents/Themes
  - "MaterialComponents/Tabs+TypographyThemer (63.0.0)":
    - MaterialComponents/schemes/Typography
    - MaterialComponents/Tabs
  - MaterialComponents/TextFields (63.0.0):
    - MaterialComponents/AnimationTiming
    - MaterialComponents/Palettes
    - MaterialComponents/private/Math
    - MaterialComponents/Typography
    - MDFInternationalization
  - "MaterialComponents/TextFields+ColorThemer (63.0.0)":
    - MaterialComponents/TextFields
    - MaterialComponents/Themes
  - "MaterialComponents/TextFields+FontThemer (63.0.0)":
    - MaterialComponents/TextFields
    - MaterialComponents/Themes
  - "MaterialComponents/TextFields+TypographyThemer (63.0.0)":
    - MaterialComponents/schemes/Typography
    - MaterialComponents/TextFields
  - MaterialComponents/Themes (63.0.0):
    - MaterialComponents/schemes/Color
    - MaterialComponents/schemes/Typography
  - MaterialComponents/Typography (63.0.0):
    - MaterialComponents/private/Application
    - MaterialComponents/private/Math
  - MDFInternationalization (1.1.0)
  - MDFTextAccessibility (1.2.0)
  - MotionAnimator (2.8.1):
    - MotionInterchange (~> 1.6)
  - MotionInterchange (1.6.0)
  - MotionTransitioning (5.0.0)
  - nanopb (0.3.8):
    - nanopb/decode (= 0.3.8)
    - nanopb/encode (= 0.3.8)
  - nanopb/decode (0.3.8)
  - nanopb/encode (0.3.8)
  - Nimble (7.3.1)
  - Protobuf (3.6.1)
  - Quick (1.3.2)
  - SwiftLint (0.27.0)
  - YouTubePlayer (0.4.0)

DEPENDENCIES:
  - Alamofire
  - AlamofireImage
  - Crashlytics
  - DTCoreText
  - Firebase/Auth
  - Firebase/Core
  - Firebase/Database
  - Firebase/Firestore
  - Firebase/Functions
  - Firebase/Messaging
  - Firebase/RemoteConfig
  - GoogleAPIClientForREST
  - GoogleMaps
  - GoogleSignIn
  - lottie-ios
  - MaterialComponents
  - Nimble
  - Quick
  - SwiftLint
  - YouTubePlayer

SPEC REPOS:
  https://github.com/cocoapods/specs.git:
    - Alamofire
    - AlamofireImage
    - BoringSSL
    - Crashlytics
    - DTCoreText
    - DTFoundation
    - Fabric
    - Firebase
    - FirebaseABTesting
    - FirebaseAnalytics
    - FirebaseAuth
    - FirebaseAuthInterop
    - FirebaseCore
    - FirebaseDatabase
    - FirebaseFirestore
    - FirebaseFunctions
    - FirebaseInstanceID
    - FirebaseMessaging
    - FirebaseRemoteConfig
    - GoogleAPIClientForREST
    - GoogleAppMeasurement
    - GoogleMaps
    - GoogleSignIn
    - GoogleToolboxForMac
    - GoogleUtilities
    - gRPC
    - "gRPC-C++"
    - gRPC-Core
    - gRPC-ProtoRPC
    - gRPC-RxLibrary
    - GTMOAuth2
    - GTMSessionFetcher
    - leveldb-library
    - lottie-ios
    - MaterialComponents
    - MDFInternationalization
    - MDFTextAccessibility
    - MotionAnimator
    - MotionInterchange
    - MotionTransitioning
    - nanopb
    - Nimble
    - Protobuf
    - Quick
    - SwiftLint
    - YouTubePlayer

SPEC CHECKSUMS:
  Alamofire: c7287b6e5d7da964a70935e5db17046b7fde6568
  AlamofireImage: 78d67ccbb763d87ba44b21583d2153500a195630
  BoringSSL: e10f92a27043805c01071fe815a5cd98ae8212e7
  Crashlytics: ccaac42660eb9351b9960c0d66106b0bcf99f4fa
  DTCoreText: e5d688cffc9f6a61eddd1a4f94e2046851230de3
  DTFoundation: f03be9fd786f11e505bb8fc44e2a3732bf0917df
  Fabric: f233c9492b3bbc1f04e3882986740f7988a58edb
  Firebase: 383fa29aca93e371cab776b48a5c66544d3c2003
  FirebaseABTesting: 1f50b8d50f5e3469eea54e7463a7b7fe221d1f5e
  FirebaseAnalytics: 831f1f127f4a75698e9875a87bf7e2668730d953
  FirebaseAuth: 504b198ceb3472dca5c65bb95544ea44cfc9439e
  FirebaseAuthInterop: 0ffa57668be100582bb7643d4fcb7615496c41fc
  FirebaseCore: 2a84b6b325792a4319ef71ee18819dcba08d2fd7
  FirebaseDatabase: e2bcbc106adc4b11a2da3ec2eb63c0c4a44f2f54
  FirebaseFirestore: eaf0b6244e9463e2429fe216666b641e4dec606b
  FirebaseFunctions: 6c03d7c5d62520be4678dc3fb7957654aab82b4f
  FirebaseInstanceID: 78ba376fcd5b94c001f9999b2cbd3d1f1e56e78d
  FirebaseMessaging: d6feeb06218d2675b4149b0ada925a6b707a74cf
  FirebaseRemoteConfig: 7b6d675dfb11f0e0e638caee00908b06af150d56
  GoogleAPIClientForREST: 5b95b38a0fa912e8ac7bdcf9e124578ef1a61bf2
  GoogleAppMeasurement: 2b3a023a61239c8d002e6e4fcf4abce8eddce0e0
  GoogleMaps: f79af95cb24d869457b1f961c93d3ce8b2f3b848
  GoogleSignIn: 591e46382014e591269f862ba6e7bc0fbd793532
  GoogleToolboxForMac: 91c824d21e85b31c2aae9bb011c5027c9b4e738f
  GoogleUtilities: 760ccb53b7c7f40f9c02d8c241f76f841a7a6162
  gRPC: 9d4c549f37c7cef22478634bac7a0405b6e3dbfb
  "gRPC-C++": ee0b01db3122f0b6c2be28b5b11039f62fa15fe6
  gRPC-Core: f4836515817c0eb479aeeb9cc27c91c4ba62a9f6
  gRPC-ProtoRPC: 76f6053639a842e1fb45fa82aa598bf3f4d9f66f
  gRPC-RxLibrary: 3c305f32155024b116b780f389323c73a28197e6
  GTMOAuth2: c77fe325e4acd453837e72d91e3b5f13116857b2
  GTMSessionFetcher: 0c4baf0a73acd0041bf9f71ea018deedab5ea84e
  leveldb-library: 08cba283675b7ed2d99629a4bc5fd052cd2bb6a5
  lottie-ios: d699fdee68d7b63e721d949388b015fef1aaa4ac
  MaterialComponents: 4e0c0ee000e0dcbf5214b0054767ef9f8f812264
  MDFInternationalization: b5b8626628abf026e630e5ebaeee563037712cbb
  MDFTextAccessibility: 94098925e0853551c5a311ce7c1ecefbe297cdb6
  MotionAnimator: ee16aa30567c5bae0fb2750c132915829cfaaf8a
  MotionInterchange: ead0e3ae1f3a5fb539e289debbc7ae036160a10d
  MotionTransitioning: 23d25edc2f4606efb922403cbac6d81af37aa33a
  nanopb: 5601e6bca2dbf1ed831b519092ec110f66982ca3
  Nimble: 04f732da099ea4d153122aec8c2a88fd0c7219ae
  Protobuf: 1eb9700044745f00181c136ef21b8ff3ad5a0fd5
  Quick: 2623cb30d7a7f41ca62f684f679586558f483d46
  SwiftLint: 3207c1faa2240bf8973b191820a116113cd11073
  YouTubePlayer: 028451f6772f372d4759866db99824c676ac1473

PODFILE CHECKSUM: 214bd394d87d328560bfbc5a32666f05ea1e2d05

COCOAPODS: 1.5.3
